// !$*UTF8*$!
{
	archiveVersion = 1;
	classes = {
	};
	objectVersion = 50;
	objects = {

/* Begin PBXBuildFile section */
		10B9337321E8AC8A00E29452 /* AppDelegate.swift in Sources */ = {isa = PBXBuildFile; fileRef = 10B9337221E8AC8A00E29452 /* AppDelegate.swift */; };
		10B9337521E8AC8A00E29452 /* MainViewController.swift in Sources */ = {isa = PBXBuildFile; fileRef = 10B9337421E8AC8A00E29452 /* MainViewController.swift */; };
		10B9337821E8AC8B00E29452 /* Main.storyboard in Resources */ = {isa = PBXBuildFile; fileRef = 10B9337621E8AC8B00E29452 /* Main.storyboard */; };
		10B9337A21E8AC8F00E29452 /* Assets.xcassets in Resources */ = {isa = PBXBuildFile; fileRef = 10B9337921E8AC8F00E29452 /* Assets.xcassets */; };
		10B9337D21E8AC8F00E29452 /* LaunchScreen.storyboard in Resources */ = {isa = PBXBuildFile; fileRef = 10B9337B21E8AC8F00E29452 /* LaunchScreen.storyboard */; };
		10B9338621E8B01A00E29452 /* RequestManager.swift in Sources */ = {isa = PBXBuildFile; fileRef = 10B9338521E8B01A00E29452 /* RequestManager.swift */; };
		10B9338821E8B17800E29452 /* Constant.swift in Sources */ = {isa = PBXBuildFile; fileRef = 10B9338721E8B17800E29452 /* Constant.swift */; };
		10B9338A21E8B26300E29452 /* RLMUser.swift in Sources */ = {isa = PBXBuildFile; fileRef = 10B9338921E8B26300E29452 /* RLMUser.swift */; };
		10B9339A21E8CA4C00E29452 /* UserCell.swift in Sources */ = {isa = PBXBuildFile; fileRef = 10B9339921E8CA4C00E29452 /* UserCell.swift */; };
		10B9339D21E8CE2E00E29452 /* AvatarView.swift in Sources */ = {isa = PBXBuildFile; fileRef = 10B9339C21E8CE2E00E29452 /* AvatarView.swift */; };
		10B9339F21E8CF8000E29452 /* BckView.swift in Sources */ = {isa = PBXBuildFile; fileRef = 10B9339E21E8CF8000E29452 /* BckView.swift */; };
		10B933A321E8D87500E29452 /* DetailViewController.swift in Sources */ = {isa = PBXBuildFile; fileRef = 10B933A221E8D87500E29452 /* DetailViewController.swift */; };
		10B933A621E8D8C300E29452 /* InfoTextView.swift in Sources */ = {isa = PBXBuildFile; fileRef = 10B933A521E8D8C300E29452 /* InfoTextView.swift */; };
		10B933A821E8D8FF00E29452 /* InfoTextView.xib in Resources */ = {isa = PBXBuildFile; fileRef = 10B933A721E8D8FF00E29452 /* InfoTextView.xib */; };
		10B933AA21E8DC3200E29452 /* HideKeyboard.swift in Sources */ = {isa = PBXBuildFile; fileRef = 10B933A921E8DC3200E29452 /* HideKeyboard.swift */; };
		10B933AD21E8E30B00E29452 /* RoundButton.swift in Sources */ = {isa = PBXBuildFile; fileRef = 10B933AC21E8E30B00E29452 /* RoundButton.swift */; };
		10B933AF21E8E66200E29452 /* ParentViewController.swift in Sources */ = {isa = PBXBuildFile; fileRef = 10B933AE21E8E66200E29452 /* ParentViewController.swift */; };
		10E647B721E9F20300AB5312 /* AlertViewExt.swift in Sources */ = {isa = PBXBuildFile; fileRef = 10E647B521E9F20300AB5312 /* AlertViewExt.swift */; };
		10E647B921E9F27D00AB5312 /* CurrentViewController.swift in Sources */ = {isa = PBXBuildFile; fileRef = 10E647B821E9F27D00AB5312 /* CurrentViewController.swift */; };
		10E647BB21E9F46000AB5312 /* EmailValidator.swift in Sources */ = {isa = PBXBuildFile; fileRef = 10E647BA21E9F46000AB5312 /* EmailValidator.swift */; };
		10E647BD21E9F80500AB5312 /* Rechability.swift in Sources */ = {isa = PBXBuildFile; fileRef = 10E647BC21E9F80500AB5312 /* Rechability.swift */; };
		10E647C121EA1F7000AB5312 /* Image.swift in Sources */ = {isa = PBXBuildFile; fileRef = 10E647C021EA1F7000AB5312 /* Image.swift */; };
		10E647C321EA24D700AB5312 /* AvatarsViewController.swift in Sources */ = {isa = PBXBuildFile; fileRef = 10E647C221EA24D700AB5312 /* AvatarsViewController.swift */; };
		10E647C521EA273400AB5312 /* AvatarCell.swift in Sources */ = {isa = PBXBuildFile; fileRef = 10E647C421EA273400AB5312 /* AvatarCell.swift */; };
		10E647C721EA2D4600AB5312 /* AvatarImageView.swift in Sources */ = {isa = PBXBuildFile; fileRef = 10E647C621EA2D4600AB5312 /* AvatarImageView.swift */; };
		10E647CB21EA352D00AB5312 /* CurrentDateFormatExt.swift in Sources */ = {isa = PBXBuildFile; fileRef = 10E647CA21EA331F00AB5312 /* CurrentDateFormatExt.swift */; };
		2E41B63C1BE90D73F1E833CA /* Pods_TestUsersProject.framework in Frameworks */ = {isa = PBXBuildFile; fileRef = 53A546B86519D51F8DE03B00 /* Pods_TestUsersProject.framework */; };
/* End PBXBuildFile section */

/* Begin PBXFileReference section */
		10B9336F21E8AC8A00E29452 /* TestUsersProject.app */ = {isa = PBXFileReference; explicitFileType = wrapper.application; includeInIndex = 0; path = TestUsersProject.app; sourceTree = BUILT_PRODUCTS_DIR; };
		10B9337221E8AC8A00E29452 /* AppDelegate.swift */ = {isa = PBXFileReference; lastKnownFileType = sourcecode.swift; path = AppDelegate.swift; sourceTree = "<group>"; };
		10B9337421E8AC8A00E29452 /* MainViewController.swift */ = {isa = PBXFileReference; lastKnownFileType = sourcecode.swift; path = MainViewController.swift; sourceTree = "<group>"; };
		10B9337721E8AC8B00E29452 /* Base */ = {isa = PBXFileReference; lastKnownFileType = file.storyboard; name = Base; path = Base.lproj/Main.storyboard; sourceTree = "<group>"; };
		10B9337921E8AC8F00E29452 /* Assets.xcassets */ = {isa = PBXFileReference; lastKnownFileType = folder.assetcatalog; path = Assets.xcassets; sourceTree = "<group>"; };
		10B9337C21E8AC8F00E29452 /* Base */ = {isa = PBXFileReference; lastKnownFileType = file.storyboard; name = Base; path = Base.lproj/LaunchScreen.storyboard; sourceTree = "<group>"; };
		10B9337E21E8AC8F00E29452 /* Info.plist */ = {isa = PBXFileReference; lastKnownFileType = text.plist.xml; path = Info.plist; sourceTree = "<group>"; };
		10B9338521E8B01A00E29452 /* RequestManager.swift */ = {isa = PBXFileReference; fileEncoding = 4; lastKnownFileType = sourcecode.swift; path = RequestManager.swift; sourceTree = "<group>"; };
		10B9338721E8B17800E29452 /* Constant.swift */ = {isa = PBXFileReference; lastKnownFileType = sourcecode.swift; path = Constant.swift; sourceTree = "<group>"; };
		10B9338921E8B26300E29452 /* RLMUser.swift */ = {isa = PBXFileReference; lastKnownFileType = sourcecode.swift; path = RLMUser.swift; sourceTree = "<group>"; };
		10B9339021E8C52500E29452 /* Rubik-Medium.ttf */ = {isa = PBXFileReference; lastKnownFileType = file; path = "Rubik-Medium.ttf"; sourceTree = "<group>"; };
		10B9339121E8C52500E29452 /* ProductSans.otf */ = {isa = PBXFileReference; lastKnownFileType = file; path = ProductSans.otf; sourceTree = "<group>"; };
		10B9339221E8C52600E29452 /* ProximaNovaSoft-Bold.ttf */ = {isa = PBXFileReference; lastKnownFileType = file; path = "ProximaNovaSoft-Bold.ttf"; sourceTree = "<group>"; };
		10B9339321E8C52600E29452 /* ProximaNovaExCn-Regular.ttf */ = {isa = PBXFileReference; lastKnownFileType = file; path = "ProximaNovaExCn-Regular.ttf"; sourceTree = "<group>"; };
		10B9339421E8C52600E29452 /* Rubik-Regular.ttf */ = {isa = PBXFileReference; lastKnownFileType = file; path = "Rubik-Regular.ttf"; sourceTree = "<group>"; };
		10B9339521E8C52700E29452 /* ProximaNovaExCn-Bold.ttf */ = {isa = PBXFileReference; lastKnownFileType = file; path = "ProximaNovaExCn-Bold.ttf"; sourceTree = "<group>"; };
		10B9339621E8C52700E29452 /* Gilroy-ExtraBold.otf */ = {isa = PBXFileReference; lastKnownFileType = file; path = "Gilroy-ExtraBold.otf"; sourceTree = "<group>"; };
		10B9339921E8CA4C00E29452 /* UserCell.swift */ = {isa = PBXFileReference; lastKnownFileType = sourcecode.swift; path = UserCell.swift; sourceTree = "<group>"; };
		10B9339C21E8CE2E00E29452 /* AvatarView.swift */ = {isa = PBXFileReference; lastKnownFileType = sourcecode.swift; path = AvatarView.swift; sourceTree = "<group>"; };
		10B9339E21E8CF8000E29452 /* BckView.swift */ = {isa = PBXFileReference; lastKnownFileType = sourcecode.swift; path = BckView.swift; sourceTree = "<group>"; };
		10B933A221E8D87500E29452 /* DetailViewController.swift */ = {isa = PBXFileReference; lastKnownFileType = sourcecode.swift; path = DetailViewController.swift; sourceTree = "<group>"; };
		10B933A521E8D8C300E29452 /* InfoTextView.swift */ = {isa = PBXFileReference; lastKnownFileType = sourcecode.swift; path = InfoTextView.swift; sourceTree = "<group>"; };
		10B933A721E8D8FF00E29452 /* InfoTextView.xib */ = {isa = PBXFileReference; lastKnownFileType = file.xib; path = InfoTextView.xib; sourceTree = "<group>"; };
		10B933A921E8DC3200E29452 /* HideKeyboard.swift */ = {isa = PBXFileReference; fileEncoding = 4; lastKnownFileType = sourcecode.swift; path = HideKeyboard.swift; sourceTree = "<group>"; };
		10B933AC21E8E30B00E29452 /* RoundButton.swift */ = {isa = PBXFileReference; lastKnownFileType = sourcecode.swift; path = RoundButton.swift; sourceTree = "<group>"; };
		10B933AE21E8E66200E29452 /* ParentViewController.swift */ = {isa = PBXFileReference; lastKnownFileType = sourcecode.swift; path = ParentViewController.swift; sourceTree = "<group>"; };
		10E647B521E9F20300AB5312 /* AlertViewExt.swift */ = {isa = PBXFileReference; fileEncoding = 4; lastKnownFileType = sourcecode.swift; path = AlertViewExt.swift; sourceTree = "<group>"; };
		10E647B821E9F27D00AB5312 /* CurrentViewController.swift */ = {isa = PBXFileReference; lastKnownFileType = sourcecode.swift; path = CurrentViewController.swift; sourceTree = "<group>"; };
		10E647BA21E9F46000AB5312 /* EmailValidator.swift */ = {isa = PBXFileReference; fileEncoding = 4; lastKnownFileType = sourcecode.swift; path = EmailValidator.swift; sourceTree = "<group>"; };
		10E647BC21E9F80500AB5312 /* Rechability.swift */ = {isa = PBXFileReference; fileEncoding = 4; lastKnownFileType = sourcecode.swift; path = Rechability.swift; sourceTree = "<group>"; };
		10E647C021EA1F7000AB5312 /* Image.swift */ = {isa = PBXFileReference; lastKnownFileType = sourcecode.swift; path = Image.swift; sourceTree = "<group>"; };
		10E647C221EA24D700AB5312 /* AvatarsViewController.swift */ = {isa = PBXFileReference; lastKnownFileType = sourcecode.swift; path = AvatarsViewController.swift; sourceTree = "<group>"; };
		10E647C421EA273400AB5312 /* AvatarCell.swift */ = {isa = PBXFileReference; lastKnownFileType = sourcecode.swift; path = AvatarCell.swift; sourceTree = "<group>"; };
		10E647C621EA2D4600AB5312 /* AvatarImageView.swift */ = {isa = PBXFileReference; lastKnownFileType = sourcecode.swift; path = AvatarImageView.swift; sourceTree = "<group>"; };
		10E647CA21EA331F00AB5312 /* CurrentDateFormatExt.swift */ = {isa = PBXFileReference; lastKnownFileType = sourcecode.swift; path = CurrentDateFormatExt.swift; sourceTree = "<group>"; };
		53A546B86519D51F8DE03B00 /* Pods_TestUsersProject.framework */ = {isa = PBXFileReference; explicitFileType = wrapper.framework; includeInIndex = 0; path = Pods_TestUsersProject.framework; sourceTree = BUILT_PRODUCTS_DIR; };
		639C32F17788AC23395E7CA3 /* Pods-TestUsersProject.release.xcconfig */ = {isa = PBXFileReference; includeInIndex = 1; lastKnownFileType = text.xcconfig; name = "Pods-TestUsersProject.release.xcconfig"; path = "Pods/Target Support Files/Pods-TestUsersProject/Pods-TestUsersProject.release.xcconfig"; sourceTree = "<group>"; };
		7F7B7405D0AE07ECA69FC80D /* Pods-TestUsersProject.debug.xcconfig */ = {isa = PBXFileReference; includeInIndex = 1; lastKnownFileType = text.xcconfig; name = "Pods-TestUsersProject.debug.xcconfig"; path = "Pods/Target Support Files/Pods-TestUsersProject/Pods-TestUsersProject.debug.xcconfig"; sourceTree = "<group>"; };
/* End PBXFileReference section */

/* Begin PBXFrameworksBuildPhase section */
		10B9336C21E8AC8A00E29452 /* Frameworks */ = {
			isa = PBXFrameworksBuildPhase;
			buildActionMask = 2147483647;
			files = (
				2E41B63C1BE90D73F1E833CA /* Pods_TestUsersProject.framework in Frameworks */,
			);
			runOnlyForDeploymentPostprocessing = 0;
		};
/* End PBXFrameworksBuildPhase section */

/* Begin PBXGroup section */
		10B9336621E8AC8A00E29452 = {
			isa = PBXGroup;
			children = (
				10B9337121E8AC8A00E29452 /* TestUsersProject */,
				10B9337021E8AC8A00E29452 /* Products */,
				9379398CFD3F3CF8ACB170DD /* Pods */,
				CED55699CAD9307229E9FCB9 /* Frameworks */,
			);
			sourceTree = "<group>";
		};
		10B9337021E8AC8A00E29452 /* Products */ = {
			isa = PBXGroup;
			children = (
				10B9336F21E8AC8A00E29452 /* TestUsersProject.app */,
			);
			name = Products;
			sourceTree = "<group>";
		};
		10B9337121E8AC8A00E29452 /* TestUsersProject */ = {
			isa = PBXGroup;
			children = (
				10B9337221E8AC8A00E29452 /* AppDelegate.swift */,
				10B9338721E8B17800E29452 /* Constant.swift */,
				10E647C921EA331700AB5312 /* Extentions */,
				10B933A021E8D80200E29452 /* ViewControllers */,
				10B9338421E8B00300E29452 /* Models */,
				10B9338D21E8C4F200E29452 /* Resources */,
				10B9337E21E8AC8F00E29452 /* Info.plist */,
				10B9337621E8AC8B00E29452 /* Main.storyboard */,
			);
			path = TestUsersProject;
			sourceTree = "<group>";
		};
		10B9338421E8B00300E29452 /* Models */ = {
			isa = PBXGroup;
			children = (
				10B9338B21E8B4BF00E29452 /* RLM */,
				10B9338521E8B01A00E29452 /* RequestManager.swift */,
				10E647C021EA1F7000AB5312 /* Image.swift */,
			);
			path = Models;
			sourceTree = "<group>";
		};
		10B9338B21E8B4BF00E29452 /* RLM */ = {
			isa = PBXGroup;
			children = (
				10B9338921E8B26300E29452 /* RLMUser.swift */,
			);
			path = RLM;
			sourceTree = "<group>";
		};
		10B9338D21E8C4F200E29452 /* Resources */ = {
			isa = PBXGroup;
			children = (
				10B9339721E8C53400E29452 /* Fonts */,
				10B9337921E8AC8F00E29452 /* Assets.xcassets */,
				10B9337B21E8AC8F00E29452 /* LaunchScreen.storyboard */,
			);
			path = Resources;
			sourceTree = "<group>";
		};
		10B9339721E8C53400E29452 /* Fonts */ = {
			isa = PBXGroup;
			children = (
				10B9339621E8C52700E29452 /* Gilroy-ExtraBold.otf */,
				10B9339121E8C52500E29452 /* ProductSans.otf */,
				10B9339521E8C52700E29452 /* ProximaNovaExCn-Bold.ttf */,
				10B9339321E8C52600E29452 /* ProximaNovaExCn-Regular.ttf */,
				10B9339221E8C52600E29452 /* ProximaNovaSoft-Bold.ttf */,
				10B9339021E8C52500E29452 /* Rubik-Medium.ttf */,
				10B9339421E8C52600E29452 /* Rubik-Regular.ttf */,
			);
			path = Fonts;
			sourceTree = "<group>";
		};
		10B9339821E8CA3000E29452 /* MainViewController */ = {
			isa = PBXGroup;
			children = (
				10B9339B21E8CDF900E29452 /* UI */,
				10B9337421E8AC8A00E29452 /* MainViewController.swift */,
				10B9339921E8CA4C00E29452 /* UserCell.swift */,
			);
			path = MainViewController;
			sourceTree = "<group>";
		};
		10B9339B21E8CDF900E29452 /* UI */ = {
			isa = PBXGroup;
			children = (
				10B9339C21E8CE2E00E29452 /* AvatarView.swift */,
				10B9339E21E8CF8000E29452 /* BckView.swift */,
			);
			path = UI;
			sourceTree = "<group>";
		};
		10B933A021E8D80200E29452 /* ViewControllers */ = {
			isa = PBXGroup;
			children = (
				10B933AE21E8E66200E29452 /* ParentViewController.swift */,
				10B9339821E8CA3000E29452 /* MainViewController */,
				10B933A121E8D85200E29452 /* DetailViewController */,
				10E647C821EA32F500AB5312 /* AvatarViewViewController */,
			);
			path = ViewControllers;
			sourceTree = "<group>";
		};
		10B933A121E8D85200E29452 /* DetailViewController */ = {
			isa = PBXGroup;
			children = (
				10B933A421E8D88500E29452 /* UI */,
				10B933A221E8D87500E29452 /* DetailViewController.swift */,
			);
			path = DetailViewController;
			sourceTree = "<group>";
		};
		10B933A421E8D88500E29452 /* UI */ = {
			isa = PBXGroup;
			children = (
				10B933AB21E8E2E400E29452 /* InfoTextView */,
				10B933AC21E8E30B00E29452 /* RoundButton.swift */,
				10E647C621EA2D4600AB5312 /* AvatarImageView.swift */,
			);
			path = UI;
			sourceTree = "<group>";
		};
		10B933AB21E8E2E400E29452 /* InfoTextView */ = {
			isa = PBXGroup;
			children = (
				10B933A521E8D8C300E29452 /* InfoTextView.swift */,
				10B933A721E8D8FF00E29452 /* InfoTextView.xib */,
			);
			path = InfoTextView;
			sourceTree = "<group>";
		};
		10E647C821EA32F500AB5312 /* AvatarViewViewController */ = {
			isa = PBXGroup;
			children = (
				10E647C221EA24D700AB5312 /* AvatarsViewController.swift */,
				10E647C421EA273400AB5312 /* AvatarCell.swift */,
			);
			path = AvatarViewViewController;
			sourceTree = "<group>";
		};
		10E647C921EA331700AB5312 /* Extentions */ = {
			isa = PBXGroup;
			children = (
				10B933A921E8DC3200E29452 /* HideKeyboard.swift */,
				10E647B521E9F20300AB5312 /* AlertViewExt.swift */,
				10E647BA21E9F46000AB5312 /* EmailValidator.swift */,
				10E647BC21E9F80500AB5312 /* Rechability.swift */,
				10E647CA21EA331F00AB5312 /* CurrentDateFormatExt.swift */,
				10E647B821E9F27D00AB5312 /* CurrentViewController.swift */,
			);
			path = Extentions;
			sourceTree = "<group>";
		};
		9379398CFD3F3CF8ACB170DD /* Pods */ = {
			isa = PBXGroup;
			children = (
				7F7B7405D0AE07ECA69FC80D /* Pods-TestUsersProject.debug.xcconfig */,
				639C32F17788AC23395E7CA3 /* Pods-TestUsersProject.release.xcconfig */,
			);
			name = Pods;
			sourceTree = "<group>";
		};
		CED55699CAD9307229E9FCB9 /* Frameworks */ = {
			isa = PBXGroup;
			children = (
				53A546B86519D51F8DE03B00 /* Pods_TestUsersProject.framework */,
			);
			name = Frameworks;
			sourceTree = "<group>";
		};
/* End PBXGroup section */

/* Begin PBXNativeTarget section */
		10B9336E21E8AC8A00E29452 /* TestUsersProject */ = {
			isa = PBXNativeTarget;
			buildConfigurationList = 10B9338121E8AC8F00E29452 /* Build configuration list for PBXNativeTarget "TestUsersProject" */;
			buildPhases = (
				FA49433A69E41CD4CAA534E0 /* [CP] Check Pods Manifest.lock */,
				10B9336B21E8AC8A00E29452 /* Sources */,
				10B9336C21E8AC8A00E29452 /* Frameworks */,
				10B9336D21E8AC8A00E29452 /* Resources */,
				B9ECA5A11A239D1408E841C7 /* [CP] Embed Pods Frameworks */,
			);
			buildRules = (
			);
			dependencies = (
			);
			name = TestUsersProject;
			productName = TestUsersProject;
			productReference = 10B9336F21E8AC8A00E29452 /* TestUsersProject.app */;
			productType = "com.apple.product-type.application";
		};
/* End PBXNativeTarget section */

/* Begin PBXProject section */
		10B9336721E8AC8A00E29452 /* Project object */ = {
			isa = PBXProject;
			attributes = {
				LastSwiftUpdateCheck = 1010;
				LastUpgradeCheck = 1010;
				ORGANIZATIONNAME = macOS;
				TargetAttributes = {
					10B9336E21E8AC8A00E29452 = {
						CreatedOnToolsVersion = 10.1;
					};
				};
			};
			buildConfigurationList = 10B9336A21E8AC8A00E29452 /* Build configuration list for PBXProject "TestUsersProject" */;
			compatibilityVersion = "Xcode 9.3";
			developmentRegion = en;
			hasScannedForEncodings = 0;
			knownRegions = (
				en,
				Base,
			);
			mainGroup = 10B9336621E8AC8A00E29452;
			productRefGroup = 10B9337021E8AC8A00E29452 /* Products */;
			projectDirPath = "";
			projectRoot = "";
			targets = (
				10B9336E21E8AC8A00E29452 /* TestUsersProject */,
			);
		};
/* End PBXProject section */

/* Begin PBXResourcesBuildPhase section */
		10B9336D21E8AC8A00E29452 /* Resources */ = {
			isa = PBXResourcesBuildPhase;
			buildActionMask = 2147483647;
			files = (
				10B9337D21E8AC8F00E29452 /* LaunchScreen.storyboard in Resources */,
				10B933A821E8D8FF00E29452 /* InfoTextView.xib in Resources */,
				10B9337A21E8AC8F00E29452 /* Assets.xcassets in Resources */,
				10B9337821E8AC8B00E29452 /* Main.storyboard in Resources */,
			);
			runOnlyForDeploymentPostprocessing = 0;
		};
/* End PBXResourcesBuildPhase section */

/* Begin PBXShellScriptBuildPhase section */
		B9ECA5A11A239D1408E841C7 /* [CP] Embed Pods Frameworks */ = {
			isa = PBXShellScriptBuildPhase;
			buildActionMask = 2147483647;
			files = (
			);
			inputPaths = (
				"${SRCROOT}/Pods/Target Support Files/Pods-TestUsersProject/Pods-TestUsersProject-frameworks.sh",
				"${BUILT_PRODUCTS_DIR}/Alamofire/Alamofire.framework",
				"${BUILT_PRODUCTS_DIR}/AlamofireImage/AlamofireImage.framework",
				"${BUILT_PRODUCTS_DIR}/IQKeyboardManagerSwift/IQKeyboardManagerSwift.framework",
				"${BUILT_PRODUCTS_DIR}/Realm/Realm.framework",
				"${BUILT_PRODUCTS_DIR}/RealmSwift/RealmSwift.framework",
				"${BUILT_PRODUCTS_DIR}/SpringIndicator/SpringIndicator.framework",
			);
			name = "[CP] Embed Pods Frameworks";
			outputPaths = (
				"${TARGET_BUILD_DIR}/${FRAMEWORKS_FOLDER_PATH}/Alamofire.framework",
				"${TARGET_BUILD_DIR}/${FRAMEWORKS_FOLDER_PATH}/AlamofireImage.framework",
				"${TARGET_BUILD_DIR}/${FRAMEWORKS_FOLDER_PATH}/IQKeyboardManagerSwift.framework",
				"${TARGET_BUILD_DIR}/${FRAMEWORKS_FOLDER_PATH}/Realm.framework",
				"${TARGET_BUILD_DIR}/${FRAMEWORKS_FOLDER_PATH}/RealmSwift.framework",
				"${TARGET_BUILD_DIR}/${FRAMEWORKS_FOLDER_PATH}/SpringIndicator.framework",
			);
			runOnlyForDeploymentPostprocessing = 0;
			shellPath = /bin/sh;
			shellScript = "\"${SRCROOT}/Pods/Target Support Files/Pods-TestUsersProject/Pods-TestUsersProject-frameworks.sh\"\n";
			showEnvVarsInLog = 0;
		};
		FA49433A69E41CD4CAA534E0 /* [CP] Check Pods Manifest.lock */ = {
			isa = PBXShellScriptBuildPhase;
			buildActionMask = 2147483647;
			files = (
			);
			inputPaths = (
				"${PODS_PODFILE_DIR_PATH}/Podfile.lock",
				"${PODS_ROOT}/Manifest.lock",
			);
			name = "[CP] Check Pods Manifest.lock";
			outputPaths = (
				"$(DERIVED_FILE_DIR)/Pods-TestUsersProject-checkManifestLockResult.txt",
			);
			runOnlyForDeploymentPostprocessing = 0;
			shellPath = /bin/sh;
			shellScript = "diff \"${PODS_PODFILE_DIR_PATH}/Podfile.lock\" \"${PODS_ROOT}/Manifest.lock\" > /dev/null\nif [ $? != 0 ] ; then\n    # print error to STDERR\n    echo \"error: The sandbox is not in sync with the Podfile.lock. Run 'pod install' or update your CocoaPods installation.\" >&2\n    exit 1\nfi\n# This output is used by Xcode 'outputs' to avoid re-running this script phase.\necho \"SUCCESS\" > \"${SCRIPT_OUTPUT_FILE_0}\"\n";
			showEnvVarsInLog = 0;
		};
/* End PBXShellScriptBuildPhase section */

/* Begin PBXSourcesBuildPhase section */
		10B9336B21E8AC8A00E29452 /* Sources */ = {
			isa = PBXSourcesBuildPhase;
			buildActionMask = 2147483647;
			files = (
				10B933AD21E8E30B00E29452 /* RoundButton.swift in Sources */,
				10B933AA21E8DC3200E29452 /* HideKeyboard.swift in Sources */,
				10E647CB21EA352D00AB5312 /* CurrentDateFormatExt.swift in Sources */,
				10B933A321E8D87500E29452 /* DetailViewController.swift in Sources */,
				10E647C721EA2D4600AB5312 /* AvatarImageView.swift in Sources */,
				10B9338621E8B01A00E29452 /* RequestManager.swift in Sources */,
				10B9337521E8AC8A00E29452 /* MainViewController.swift in Sources */,
				10B9339D21E8CE2E00E29452 /* AvatarView.swift in Sources */,
				10E647BD21E9F80500AB5312 /* Rechability.swift in Sources */,
				10E647BB21E9F46000AB5312 /* EmailValidator.swift in Sources */,
				10B9339F21E8CF8000E29452 /* BckView.swift in Sources */,
				10B933A621E8D8C300E29452 /* InfoTextView.swift in Sources */,
				10E647B921E9F27D00AB5312 /* CurrentViewController.swift in Sources */,
				10B933AF21E8E66200E29452 /* ParentViewController.swift in Sources */,
				10E647C121EA1F7000AB5312 /* Image.swift in Sources */,
				10B9339A21E8CA4C00E29452 /* UserCell.swift in Sources */,
				10E647C321EA24D700AB5312 /* AvatarsViewController.swift in Sources */,
				10E647C521EA273400AB5312 /* AvatarCell.swift in Sources */,
				10B9337321E8AC8A00E29452 /* AppDelegate.swift in Sources */,
				10B9338821E8B17800E29452 /* Constant.swift in Sources */,
				10B9338A21E8B26300E29452 /* RLMUser.swift in Sources */,
				10E647B721E9F20300AB5312 /* AlertViewExt.swift in Sources */,
			);
			runOnlyForDeploymentPostprocessing = 0;
		};
/* End PBXSourcesBuildPhase section */

/* Begin PBXVariantGroup section */
		10B9337621E8AC8B00E29452 /* Main.storyboard */ = {
			isa = PBXVariantGroup;
			children = (
				10B9337721E8AC8B00E29452 /* Base */,
			);
			name = Main.storyboard;
			sourceTree = "<group>";
		};
		10B9337B21E8AC8F00E29452 /* LaunchScreen.storyboard */ = {
			isa = PBXVariantGroup;
			children = (
				10B9337C21E8AC8F00E29452 /* Base */,
			);
			name = LaunchScreen.storyboard;
			sourceTree = "<group>";
		};
/* End PBXVariantGroup section */

/* Begin XCBuildConfiguration section */
		10B9337F21E8AC8F00E29452 /* Debug */ = {
			isa = XCBuildConfiguration;
			buildSettings = {
				ALWAYS_SEARCH_USER_PATHS = NO;
				CLANG_ANALYZER_NONNULL = YES;
				CLANG_ANALYZER_NUMBER_OBJECT_CONVERSION = YES_AGGRESSIVE;
				CLANG_CXX_LANGUAGE_STANDARD = "gnu++14";
				CLANG_CXX_LIBRARY = "libc++";
				CLANG_ENABLE_MODULES = YES;
				CLANG_ENABLE_OBJC_ARC = YES;
				CLANG_ENABLE_OBJC_WEAK = YES;
				CLANG_WARN_BLOCK_CAPTURE_AUTORELEASING = YES;
				CLANG_WARN_BOOL_CONVERSION = YES;
				CLANG_WARN_COMMA = YES;
				CLANG_WARN_CONSTANT_CONVERSION = YES;
				CLANG_WARN_DEPRECATED_OBJC_IMPLEMENTATIONS = YES;
				CLANG_WARN_DIRECT_OBJC_ISA_USAGE = YES_ERROR;
				CLANG_WARN_DOCUMENTATION_COMMENTS = YES;
				CLANG_WARN_EMPTY_BODY = YES;
				CLANG_WARN_ENUM_CONVERSION = YES;
				CLANG_WARN_INFINITE_RECURSION = YES;
				CLANG_WARN_INT_CONVERSION = YES;
				CLANG_WARN_NON_LITERAL_NULL_CONVERSION = YES;
				CLANG_WARN_OBJC_IMPLICIT_RETAIN_SELF = YES;
				CLANG_WARN_OBJC_LITERAL_CONVERSION = YES;
				CLANG_WARN_OBJC_ROOT_CLASS = YES_ERROR;
				CLANG_WARN_RANGE_LOOP_ANALYSIS = YES;
				CLANG_WARN_STRICT_PROTOTYPES = YES;
				CLANG_WARN_SUSPICIOUS_MOVE = YES;
				CLANG_WARN_UNGUARDED_AVAILABILITY = YES_AGGRESSIVE;
				CLANG_WARN_UNREACHABLE_CODE = YES;
				CLANG_WARN__DUPLICATE_METHOD_MATCH = YES;
				CODE_SIGN_IDENTITY = "iPhone Developer";
				COPY_PHASE_STRIP = NO;
				DEBUG_INFORMATION_FORMAT = dwarf;
				ENABLE_STRICT_OBJC_MSGSEND = YES;
				ENABLE_TESTABILITY = YES;
				GCC_C_LANGUAGE_STANDARD = gnu11;
				GCC_DYNAMIC_NO_PIC = NO;
				GCC_NO_COMMON_BLOCKS = YES;
				GCC_OPTIMIZATION_LEVEL = 0;
				GCC_PREPROCESSOR_DEFINITIONS = (
					"DEBUG=1",
					"$(inherited)",
				);
				GCC_WARN_64_TO_32_BIT_CONVERSION = YES;
				GCC_WARN_ABOUT_RETURN_TYPE = YES_ERROR;
				GCC_WARN_UNDECLARED_SELECTOR = YES;
				GCC_WARN_UNINITIALIZED_AUTOS = YES_AGGRESSIVE;
				GCC_WARN_UNUSED_FUNCTION = YES;
				GCC_WARN_UNUSED_VARIABLE = YES;
				IPHONEOS_DEPLOYMENT_TARGET = 12.1;
				MTL_ENABLE_DEBUG_INFO = INCLUDE_SOURCE;
				MTL_FAST_MATH = YES;
				ONLY_ACTIVE_ARCH = YES;
				SDKROOT = iphoneos;
				SWIFT_ACTIVE_COMPILATION_CONDITIONS = DEBUG;
				SWIFT_OPTIMIZATION_LEVEL = "-Onone";
			};
			name = Debug;
		};
		10B9338021E8AC8F00E29452 /* Release */ = {
			isa = XCBuildConfiguration;
			buildSettings = {
				ALWAYS_SEARCH_USER_PATHS = NO;
				CLANG_ANALYZER_NONNULL = YES;
				CLANG_ANALYZER_NUMBER_OBJECT_CONVERSION = YES_AGGRESSIVE;
				CLANG_CXX_LANGUAGE_STANDARD = "gnu++14";
				CLANG_CXX_LIBRARY = "libc++";
				CLANG_ENABLE_MODULES = YES;
				CLANG_ENABLE_OBJC_ARC = YES;
				CLANG_ENABLE_OBJC_WEAK = YES;
				CLANG_WARN_BLOCK_CAPTURE_AUTORELEASING = YES;
				CLANG_WARN_BOOL_CONVERSION = YES;
				CLANG_WARN_COMMA = YES;
				CLANG_WARN_CONSTANT_CONVERSION = YES;
				CLANG_WARN_DEPRECATED_OBJC_IMPLEMENTATIONS = YES;
				CLANG_WARN_DIRECT_OBJC_ISA_USAGE = YES_ERROR;
				CLANG_WARN_DOCUMENTATION_COMMENTS = YES;
				CLANG_WARN_EMPTY_BODY = YES;
				CLANG_WARN_ENUM_CONVERSION = YES;
				CLANG_WARN_INFINITE_RECURSION = YES;
				CLANG_WARN_INT_CONVERSION = YES;
				CLANG_WARN_NON_LITERAL_NULL_CONVERSION = YES;
				CLANG_WARN_OBJC_IMPLICIT_RETAIN_SELF = YES;
				CLANG_WARN_OBJC_LITERAL_CONVERSION = YES;
				CLANG_WARN_OBJC_ROOT_CLASS = YES_ERROR;
				CLANG_WARN_RANGE_LOOP_ANALYSIS = YES;
				CLANG_WARN_STRICT_PROTOTYPES = YES;
				CLANG_WARN_SUSPICIOUS_MOVE = YES;
				CLANG_WARN_UNGUARDED_AVAILABILITY = YES_AGGRESSIVE;
				CLANG_WARN_UNREACHABLE_CODE = YES;
				CLANG_WARN__DUPLICATE_METHOD_MATCH = YES;
				CODE_SIGN_IDENTITY = "iPhone Developer";
				COPY_PHASE_STRIP = NO;
				DEBUG_INFORMATION_FORMAT = "dwarf-with-dsym";
				ENABLE_NS_ASSERTIONS = NO;
				ENABLE_STRICT_OBJC_MSGSEND = YES;
				GCC_C_LANGUAGE_STANDARD = gnu11;
				GCC_NO_COMMON_BLOCKS = YES;
				GCC_WARN_64_TO_32_BIT_CONVERSION = YES;
				GCC_WARN_ABOUT_RETURN_TYPE = YES_ERROR;
				GCC_WARN_UNDECLARED_SELECTOR = YES;
				GCC_WARN_UNINITIALIZED_AUTOS = YES_AGGRESSIVE;
				GCC_WARN_UNUSED_FUNCTION = YES;
				GCC_WARN_UNUSED_VARIABLE = YES;
				IPHONEOS_DEPLOYMENT_TARGET = 12.1;
				MTL_ENABLE_DEBUG_INFO = NO;
				MTL_FAST_MATH = YES;
				SDKROOT = iphoneos;
				SWIFT_COMPILATION_MODE = wholemodule;
				SWIFT_OPTIMIZATION_LEVEL = "-O";
				VALIDATE_PRODUCT = YES;
			};
			name = Release;
		};
		10B9338221E8AC8F00E29452 /* Debug */ = {
			isa = XCBuildConfiguration;
			baseConfigurationReference = 7F7B7405D0AE07ECA69FC80D /* Pods-TestUsersProject.debug.xcconfig */;
			buildSettings = {
				ASSETCATALOG_COMPILER_APPICON_NAME = AppIcon;
				CODE_SIGN_STYLE = Automatic;
				DEVELOPMENT_TEAM = V5H6D6M262;
				INFOPLIST_FILE = TestUsersProject/Info.plist;
				IPHONEOS_DEPLOYMENT_TARGET = 11.0;
				LD_RUNPATH_SEARCH_PATHS = (
					"$(inherited)",
					"@executable_path/Frameworks",
				);
				PRODUCT_BUNDLE_IDENTIFIER = com.mykolyk.TestUsersProject;
				PRODUCT_NAME = "$(TARGET_NAME)";
				SWIFT_VERSION = 4.2;
				TARGETED_DEVICE_FAMILY = "1,2";
			};
			name = Debug;
		};
		10B9338321E8AC8F00E29452 /* Release */ = {
			isa = XCBuildConfiguration;
			baseConfigurationReference = 639C32F17788AC23395E7CA3 /* Pods-TestUsersProject.release.xcconfig */;
			buildSettings = {
				ASSETCATALOG_COMPILER_APPICON_NAME = AppIcon;
				CODE_SIGN_STYLE = Automatic;
				DEVELOPMENT_TEAM = V5H6D6M262;
				INFOPLIST_FILE = TestUsersProject/Info.plist;
				IPHONEOS_DEPLOYMENT_TARGET = 11.0;
				LD_RUNPATH_SEARCH_PATHS = (
					"$(inherited)",
					"@executable_path/Frameworks",
				);
				PRODUCT_BUNDLE_IDENTIFIER = com.mykolyk.TestUsersProject;
				PRODUCT_NAME = "$(TARGET_NAME)";
				SWIFT_VERSION = 4.2;
				TARGETED_DEVICE_FAMILY = "1,2";
			};
			name = Release;
		};
/* End XCBuildConfiguration section */

/* Begin XCConfigurationList section */
		10B9336A21E8AC8A00E29452 /* Build configuration list for PBXProject "TestUsersProject" */ = {
			isa = XCConfigurationList;
			buildConfigurations = (
				10B9337F21E8AC8F00E29452 /* Debug */,
				10B9338021E8AC8F00E29452 /* Release */,
			);
			defaultConfigurationIsVisible = 0;
			defaultConfigurationName = Release;
		};
		10B9338121E8AC8F00E29452 /* Build configuration list for PBXNativeTarget "TestUsersProject" */ = {
			isa = XCConfigurationList;
			buildConfigurations = (
				10B9338221E8AC8F00E29452 /* Debug */,
				10B9338321E8AC8F00E29452 /* Release */,
			);
			defaultConfigurationIsVisible = 0;
			defaultConfigurationName = Release;
		};
/* End XCConfigurationList section */
	};
	rootObject = 10B9336721E8AC8A00E29452 /* Project object */;
}
